// !$*UTF8*$!
{
	archiveVersion = 1;
	classes = {
	};
	objectVersion = 46;
	objects = {

/* Begin PBXBuildFile section */
		16F6A1E5AD2F64CED5C79360 /* Pods_CongressTests.framework in Frameworks */ = {isa = PBXBuildFile; fileRef = 65029B870142C68596517BA3 /* Pods_CongressTests.framework */; };
		528E13DD1DEE02F500187B7C /* legisDetailsCell.swift in Sources */ = {isa = PBXBuildFile; fileRef = 528E13DC1DEE02F500187B7C /* legisDetailsCell.swift */; };
		528E13DF1DEE811900187B7C /* ThirdViewController.swift in Sources */ = {isa = PBXBuildFile; fileRef = 528E13DE1DEE811900187B7C /* ThirdViewController.swift */; };
		52ECCA511DED4F580088F54D /* AppDelegate.swift in Sources */ = {isa = PBXBuildFile; fileRef = 52ECCA501DED4F580088F54D /* AppDelegate.swift */; };
		52ECCA531DED4F580088F54D /* FirstViewController.swift in Sources */ = {isa = PBXBuildFile; fileRef = 52ECCA521DED4F580088F54D /* FirstViewController.swift */; };
		52ECCA551DED4F580088F54D /* SecondViewController.swift in Sources */ = {isa = PBXBuildFile; fileRef = 52ECCA541DED4F580088F54D /* SecondViewController.swift */; };
		52ECCA581DED4F580088F54D /* Main.storyboard in Resources */ = {isa = PBXBuildFile; fileRef = 52ECCA561DED4F580088F54D /* Main.storyboard */; };
		52ECCA5A1DED4F580088F54D /* Assets.xcassets in Resources */ = {isa = PBXBuildFile; fileRef = 52ECCA591DED4F580088F54D /* Assets.xcassets */; };
		52ECCA5D1DED4F580088F54D /* LaunchScreen.storyboard in Resources */ = {isa = PBXBuildFile; fileRef = 52ECCA5B1DED4F580088F54D /* LaunchScreen.storyboard */; };
		52ECCA681DED4F580088F54D /* CongressTests.swift in Sources */ = {isa = PBXBuildFile; fileRef = 52ECCA671DED4F580088F54D /* CongressTests.swift */; };
		52ECCA751DED56B60088F54D /* DetailController.swift in Sources */ = {isa = PBXBuildFile; fileRef = 52ECCA741DED56B60088F54D /* DetailController.swift */; };
		99C2CEB2B450BDF3BA54CFBB /* Pods_Congress.framework in Frameworks */ = {isa = PBXBuildFile; fileRef = BB07EABA1C1D375FC8727D59 /* Pods_Congress.framework */; };
/* End PBXBuildFile section */

/* Begin PBXContainerItemProxy section */
		52ECCA641DED4F580088F54D /* PBXContainerItemProxy */ = {
			isa = PBXContainerItemProxy;
			containerPortal = 52ECCA451DED4F580088F54D /* Project object */;
			proxyType = 1;
			remoteGlobalIDString = 52ECCA4C1DED4F580088F54D;
			remoteInfo = Congress;
		};
/* End PBXContainerItemProxy section */

/* Begin PBXFileReference section */
		528E13DC1DEE02F500187B7C /* legisDetailsCell.swift */ = {isa = PBXFileReference; fileEncoding = 4; lastKnownFileType = sourcecode.swift; path = legisDetailsCell.swift; sourceTree = "<group>"; };
		528E13DE1DEE811900187B7C /* ThirdViewController.swift */ = {isa = PBXFileReference; fileEncoding = 4; lastKnownFileType = sourcecode.swift; path = ThirdViewController.swift; sourceTree = "<group>"; };
		52ECCA4D1DED4F580088F54D /* Congress.app */ = {isa = PBXFileReference; explicitFileType = wrapper.application; includeInIndex = 0; path = Congress.app; sourceTree = BUILT_PRODUCTS_DIR; };
		52ECCA501DED4F580088F54D /* AppDelegate.swift */ = {isa = PBXFileReference; lastKnownFileType = sourcecode.swift; path = AppDelegate.swift; sourceTree = "<group>"; };
		52ECCA521DED4F580088F54D /* FirstViewController.swift */ = {isa = PBXFileReference; lastKnownFileType = sourcecode.swift; path = FirstViewController.swift; sourceTree = "<group>"; };
		52ECCA541DED4F580088F54D /* SecondViewController.swift */ = {isa = PBXFileReference; lastKnownFileType = sourcecode.swift; path = SecondViewController.swift; sourceTree = "<group>"; };
		52ECCA571DED4F580088F54D /* Base */ = {isa = PBXFileReference; lastKnownFileType = file.storyboard; name = Base; path = Base.lproj/Main.storyboard; sourceTree = "<group>"; };
		52ECCA591DED4F580088F54D /* Assets.xcassets */ = {isa = PBXFileReference; lastKnownFileType = folder.assetcatalog; path = Assets.xcassets; sourceTree = "<group>"; };
		52ECCA5C1DED4F580088F54D /* Base */ = {isa = PBXFileReference; lastKnownFileType = file.storyboard; name = Base; path = Base.lproj/LaunchScreen.storyboard; sourceTree = "<group>"; };
		52ECCA5E1DED4F580088F54D /* Info.plist */ = {isa = PBXFileReference; lastKnownFileType = text.plist.xml; path = Info.plist; sourceTree = "<group>"; };
		52ECCA631DED4F580088F54D /* CongressTests.xctest */ = {isa = PBXFileReference; explicitFileType = wrapper.cfbundle; includeInIndex = 0; path = CongressTests.xctest; sourceTree = BUILT_PRODUCTS_DIR; };
		52ECCA671DED4F580088F54D /* CongressTests.swift */ = {isa = PBXFileReference; lastKnownFileType = sourcecode.swift; path = CongressTests.swift; sourceTree = "<group>"; };
		52ECCA691DED4F580088F54D /* Info.plist */ = {isa = PBXFileReference; lastKnownFileType = text.plist.xml; path = Info.plist; sourceTree = "<group>"; };
		52ECCA741DED56B60088F54D /* DetailController.swift */ = {isa = PBXFileReference; fileEncoding = 4; lastKnownFileType = sourcecode.swift; path = DetailController.swift; sourceTree = "<group>"; };
		57E2C668BD9490A9799AC9D8 /* Pods-CongressTests.debug.xcconfig */ = {isa = PBXFileReference; includeInIndex = 1; lastKnownFileType = text.xcconfig; name = "Pods-CongressTests.debug.xcconfig"; path = "Pods/Target Support Files/Pods-CongressTests/Pods-CongressTests.debug.xcconfig"; sourceTree = "<group>"; };
		65029B870142C68596517BA3 /* Pods_CongressTests.framework */ = {isa = PBXFileReference; explicitFileType = wrapper.framework; includeInIndex = 0; path = Pods_CongressTests.framework; sourceTree = BUILT_PRODUCTS_DIR; };
		894678B7634078DF98C976E7 /* Pods-Congress.debug.xcconfig */ = {isa = PBXFileReference; includeInIndex = 1; lastKnownFileType = text.xcconfig; name = "Pods-Congress.debug.xcconfig"; path = "Pods/Target Support Files/Pods-Congress/Pods-Congress.debug.xcconfig"; sourceTree = "<group>"; };
		BB07EABA1C1D375FC8727D59 /* Pods_Congress.framework */ = {isa = PBXFileReference; explicitFileType = wrapper.framework; includeInIndex = 0; path = Pods_Congress.framework; sourceTree = BUILT_PRODUCTS_DIR; };
		D04E49A30AFBCE83BD42E3C6 /* Pods-Congress.release.xcconfig */ = {isa = PBXFileReference; includeInIndex = 1; lastKnownFileType = text.xcconfig; name = "Pods-Congress.release.xcconfig"; path = "Pods/Target Support Files/Pods-Congress/Pods-Congress.release.xcconfig"; sourceTree = "<group>"; };
		EA501997823E565F76B25645 /* Pods-CongressTests.release.xcconfig */ = {isa = PBXFileReference; includeInIndex = 1; lastKnownFileType = text.xcconfig; name = "Pods-CongressTests.release.xcconfig"; path = "Pods/Target Support Files/Pods-CongressTests/Pods-CongressTests.release.xcconfig"; sourceTree = "<group>"; };
/* End PBXFileReference section */

/* Begin PBXFrameworksBuildPhase section */
		52ECCA4A1DED4F580088F54D /* Frameworks */ = {
			isa = PBXFrameworksBuildPhase;
			buildActionMask = 2147483647;
			files = (
				99C2CEB2B450BDF3BA54CFBB /* Pods_Congress.framework in Frameworks */,
			);
			runOnlyForDeploymentPostprocessing = 0;
		};
		52ECCA601DED4F580088F54D /* Frameworks */ = {
			isa = PBXFrameworksBuildPhase;
			buildActionMask = 2147483647;
			files = (
				16F6A1E5AD2F64CED5C79360 /* Pods_CongressTests.framework in Frameworks */,
			);
			runOnlyForDeploymentPostprocessing = 0;
		};
/* End PBXFrameworksBuildPhase section */

/* Begin PBXGroup section */
		020192E573568770F0BF7DE1 /* Pods */ = {
			isa = PBXGroup;
			children = (
				894678B7634078DF98C976E7 /* Pods-Congress.debug.xcconfig */,
				D04E49A30AFBCE83BD42E3C6 /* Pods-Congress.release.xcconfig */,
				57E2C668BD9490A9799AC9D8 /* Pods-CongressTests.debug.xcconfig */,
				EA501997823E565F76B25645 /* Pods-CongressTests.release.xcconfig */,
			);
			name = Pods;
			sourceTree = "<group>";
		};
		385F2361772D934911235AB0 /* Frameworks */ = {
			isa = PBXGroup;
			children = (
				BB07EABA1C1D375FC8727D59 /* Pods_Congress.framework */,
				65029B870142C68596517BA3 /* Pods_CongressTests.framework */,
			);
			name = Frameworks;
			sourceTree = "<group>";
		};
		52ECCA441DED4F580088F54D = {
			isa = PBXGroup;
			children = (
				52ECCA4F1DED4F580088F54D /* Congress */,
				52ECCA661DED4F580088F54D /* CongressTests */,
				52ECCA4E1DED4F580088F54D /* Products */,
				020192E573568770F0BF7DE1 /* Pods */,
				385F2361772D934911235AB0 /* Frameworks */,
			);
			sourceTree = "<group>";
		};
		52ECCA4E1DED4F580088F54D /* Products */ = {
			isa = PBXGroup;
			children = (
				52ECCA4D1DED4F580088F54D /* Congress.app */,
				52ECCA631DED4F580088F54D /* CongressTests.xctest */,
			);
			name = Products;
			sourceTree = "<group>";
		};
		52ECCA4F1DED4F580088F54D /* Congress */ = {
			isa = PBXGroup;
			children = (
				52ECCA741DED56B60088F54D /* DetailController.swift */,
				52ECCA501DED4F580088F54D /* AppDelegate.swift */,
				52ECCA521DED4F580088F54D /* FirstViewController.swift */,
				52ECCA541DED4F580088F54D /* SecondViewController.swift */,
				528E13DE1DEE811900187B7C /* ThirdViewController.swift */,
				52ECCA561DED4F580088F54D /* Main.storyboard */,
				528E13DC1DEE02F500187B7C /* legisDetailsCell.swift */,
				52ECCA591DED4F580088F54D /* Assets.xcassets */,
				52ECCA5B1DED4F580088F54D /* LaunchScreen.storyboard */,
				52ECCA5E1DED4F580088F54D /* Info.plist */,
			);
			path = Congress;
			sourceTree = "<group>";
		};
		52ECCA661DED4F580088F54D /* CongressTests */ = {
			isa = PBXGroup;
			children = (
				52ECCA671DED4F580088F54D /* CongressTests.swift */,
				52ECCA691DED4F580088F54D /* Info.plist */,
			);
			path = CongressTests;
			sourceTree = "<group>";
		};
/* End PBXGroup section */

/* Begin PBXNativeTarget section */
		52ECCA4C1DED4F580088F54D /* Congress */ = {
			isa = PBXNativeTarget;
			buildConfigurationList = 52ECCA6C1DED4F580088F54D /* Build configuration list for PBXNativeTarget "Congress" */;
			buildPhases = (
				4AF553B1BDC60546379766EF /* [CP] Check Pods Manifest.lock */,
				52ECCA491DED4F580088F54D /* Sources */,
				52ECCA4A1DED4F580088F54D /* Frameworks */,
				52ECCA4B1DED4F580088F54D /* Resources */,
				E64BC1CC1231CFDF8F3CF44E /* [CP] Embed Pods Frameworks */,
				6DDCA8FF9DD7B49CD936CA4F /* [CP] Copy Pods Resources */,
			);
			buildRules = (
			);
			dependencies = (
			);
			name = Congress;
			productName = Congress;
			productReference = 52ECCA4D1DED4F580088F54D /* Congress.app */;
			productType = "com.apple.product-type.application";
		};
		52ECCA621DED4F580088F54D /* CongressTests */ = {
			isa = PBXNativeTarget;
			buildConfigurationList = 52ECCA6F1DED4F580088F54D /* Build configuration list for PBXNativeTarget "CongressTests" */;
			buildPhases = (
				5E3ECD68833970C1898515EE /* [CP] Check Pods Manifest.lock */,
				52ECCA5F1DED4F580088F54D /* Sources */,
				52ECCA601DED4F580088F54D /* Frameworks */,
				52ECCA611DED4F580088F54D /* Resources */,
				74EBC2E95C8426E83235E534 /* [CP] Embed Pods Frameworks */,
				3715A73201BCE41074FDBD7D /* [CP] Copy Pods Resources */,
			);
			buildRules = (
			);
			dependencies = (
				52ECCA651DED4F580088F54D /* PBXTargetDependency */,
			);
			name = CongressTests;
			productName = CongressTests;
			productReference = 52ECCA631DED4F580088F54D /* CongressTests.xctest */;
			productType = "com.apple.product-type.bundle.unit-test";
		};
/* End PBXNativeTarget section */

/* Begin PBXProject section */
		52ECCA451DED4F580088F54D /* Project object */ = {
			isa = PBXProject;
			attributes = {
				LastSwiftUpdateCheck = 0810;
				LastUpgradeCheck = 0810;
				ORGANIZATIONNAME = "Abdominal Snowmen";
				TargetAttributes = {
					52ECCA4C1DED4F580088F54D = {
						CreatedOnToolsVersion = 8.1;
						DevelopmentTeam = 4WJD8ZSSPB;
						ProvisioningStyle = Automatic;
					};
					52ECCA621DED4F580088F54D = {
						CreatedOnToolsVersion = 8.1;
						DevelopmentTeam = 4WJD8ZSSPB;
						ProvisioningStyle = Automatic;
						TestTargetID = 52ECCA4C1DED4F580088F54D;
					};
				};
			};
			buildConfigurationList = 52ECCA481DED4F580088F54D /* Build configuration list for PBXProject "Congress" */;
			compatibilityVersion = "Xcode 3.2";
			developmentRegion = English;
			hasScannedForEncodings = 0;
			knownRegions = (
				en,
				Base,
			);
			mainGroup = 52ECCA441DED4F580088F54D;
			productRefGroup = 52ECCA4E1DED4F580088F54D /* Products */;
			projectDirPath = "";
			projectRoot = "";
			targets = (
				52ECCA4C1DED4F580088F54D /* Congress */,
				52ECCA621DED4F580088F54D /* CongressTests */,
			);
		};
/* End PBXProject section */

/* Begin PBXResourcesBuildPhase section */
		52ECCA4B1DED4F580088F54D /* Resources */ = {
			isa = PBXResourcesBuildPhase;
			buildActionMask = 2147483647;
			files = (
				52ECCA5D1DED4F580088F54D /* LaunchScreen.storyboard in Resources */,
				52ECCA5A1DED4F580088F54D /* Assets.xcassets in Resources */,
				52ECCA581DED4F580088F54D /* Main.storyboard in Resources */,
			);
			runOnlyForDeploymentPostprocessing = 0;
		};
		52ECCA611DED4F580088F54D /* Resources */ = {
			isa = PBXResourcesBuildPhase;
			buildActionMask = 2147483647;
			files = (
			);
			runOnlyForDeploymentPostprocessing = 0;
		};
/* End PBXResourcesBuildPhase section */

/* Begin PBXShellScriptBuildPhase section */
		3715A73201BCE41074FDBD7D /* [CP] Copy Pods Resources */ = {
			isa = PBXShellScriptBuildPhase;
			buildActionMask = 2147483647;
			files = (
			);
			inputPaths = (
			);
			name = "[CP] Copy Pods Resources";
			outputPaths = (
			);
			runOnlyForDeploymentPostprocessing = 0;
			shellPath = /bin/sh;
			shellScript = "\"${SRCROOT}/Pods/Target Support Files/Pods-CongressTests/Pods-CongressTests-resources.sh\"\n";
			showEnvVarsInLog = 0;
		};
		4AF553B1BDC60546379766EF /* [CP] Check Pods Manifest.lock */ = {
			isa = PBXShellScriptBuildPhase;
			buildActionMask = 2147483647;
			files = (
			);
			inputPaths = (
			);
			name = "[CP] Check Pods Manifest.lock";
			outputPaths = (
			);
			runOnlyForDeploymentPostprocessing = 0;
			shellPath = /bin/sh;
			shellScript = "diff \"${PODS_ROOT}/../Podfile.lock\" \"${PODS_ROOT}/Manifest.lock\" > /dev/null\nif [ $? != 0 ] ; then\n    # print error to STDERR\n    echo \"error: The sandbox is not in sync with the Podfile.lock. Run 'pod install' or update your CocoaPods installation.\" >&2\n    exit 1\nfi\n";
			showEnvVarsInLog = 0;
		};
		5E3ECD68833970C1898515EE /* [CP] Check Pods Manifest.lock */ = {
			isa = PBXShellScriptBuildPhase;
			buildActionMask = 2147483647;
			files = (
			);
			inputPaths = (
			);
			name = "[CP] Check Pods Manifest.lock";
			outputPaths = (
			);
			runOnlyForDeploymentPostprocessing = 0;
			shellPath = /bin/sh;
			shellScript = "diff \"${PODS_ROOT}/../Podfile.lock\" \"${PODS_ROOT}/Manifest.lock\" > /dev/null\nif [ $? != 0 ] ; then\n    # print error to STDERR\n    echo \"error: The sandbox is not in sync with the Podfile.lock. Run 'pod install' or update your CocoaPods installation.\" >&2\n    exit 1\nfi\n";
			showEnvVarsInLog = 0;
		};
		6DDCA8FF9DD7B49CD936CA4F /* [CP] Copy Pods Resources */ = {
			isa = PBXShellScriptBuildPhase;
			buildActionMask = 2147483647;
			files = (
			);
			inputPaths = (
			);
			name = "[CP] Copy Pods Resources";
			outputPaths = (
			);
			runOnlyForDeploymentPostprocessing = 0;
			shellPath = /bin/sh;
			shellScript = "\"${SRCROOT}/Pods/Target Support Files/Pods-Congress/Pods-Congress-resources.sh\"\n";
			showEnvVarsInLog = 0;
		};
		74EBC2E95C8426E83235E534 /* [CP] Embed Pods Frameworks */ = {
			isa = PBXShellScriptBuildPhase;
			buildActionMask = 2147483647;
			files = (
			);
			inputPaths = (
			);
			name = "[CP] Embed Pods Frameworks";
			outputPaths = (
			);
			runOnlyForDeploymentPostprocessing = 0;
			shellPath = /bin/sh;
			shellScript = "\"${SRCROOT}/Pods/Target Support Files/Pods-CongressTests/Pods-CongressTests-frameworks.sh\"\n";
			showEnvVarsInLog = 0;
		};
		E64BC1CC1231CFDF8F3CF44E /* [CP] Embed Pods Frameworks */ = {
			isa = PBXShellScriptBuildPhase;
			buildActionMask = 2147483647;
			files = (
			);
			inputPaths = (
			);
			name = "[CP] Embed Pods Frameworks";
			outputPaths = (
			);
			runOnlyForDeploymentPostprocessing = 0;
			shellPath = /bin/sh;
			shellScript = "\"${SRCROOT}/Pods/Target Support Files/Pods-Congress/Pods-Congress-frameworks.sh\"\n";
			showEnvVarsInLog = 0;
		};
/* End PBXShellScriptBuildPhase section */

/* Begin PBXSourcesBuildPhase section */
		52ECCA491DED4F580088F54D /* Sources */ = {
			isa = PBXSourcesBuildPhase;
			buildActionMask = 2147483647;
			files = (
				528E13DD1DEE02F500187B7C /* legisDetailsCell.swift in Sources */,
				52ECCA751DED56B60088F54D /* DetailController.swift in Sources */,
				52ECCA551DED4F580088F54D /* SecondViewController.swift in Sources */,
				52ECCA511DED4F580088F54D /* AppDelegate.swift in Sources */,
				528E13DF1DEE811900187B7C /* ThirdViewController.swift in Sources */,
				52ECCA531DED4F580088F54D /* FirstViewController.swift in Sources */,
			);
			runOnlyForDeploymentPostprocessing = 0;
		};
		52ECCA5F1DED4F580088F54D /* Sources */ = {
			isa = PBXSourcesBuildPhase;
			buildActionMask = 2147483647;
			files = (
				52ECCA681DED4F580088F54D /* CongressTests.swift in Sources */,
			);
			runOnlyForDeploymentPostprocessing = 0;
		};
/* End PBXSourcesBuildPhase section */

/* Begin PBXTargetDependency section */
		52ECCA651DED4F580088F54D /* PBXTargetDependency */ = {
			isa = PBXTargetDependency;
			target = 52ECCA4C1DED4F580088F54D /* Congress */;
			targetProxy = 52ECCA641DED4F580088F54D /* PBXContainerItemProxy */;
		};
/* End PBXTargetDependency section */

/* Begin PBXVariantGroup section */
		52ECCA561DED4F580088F54D /* Main.storyboard */ = {
			isa = PBXVariantGroup;
			children = (
				52ECCA571DED4F580088F54D /* Base */,
			);
			name = Main.storyboard;
			sourceTree = "<group>";
		};
		52ECCA5B1DED4F580088F54D /* LaunchScreen.storyboard */ = {
			isa = PBXVariantGroup;
			children = (
				52ECCA5C1DED4F580088F54D /* Base */,
			);
			name = LaunchScreen.storyboard;
			sourceTree = "<group>";
		};
/* End PBXVariantGroup section */

/* Begin XCBuildConfiguration section */
		52ECCA6A1DED4F580088F54D /* Debug */ = {
			isa = XCBuildConfiguration;
			buildSettings = {
				ALWAYS_SEARCH_USER_PATHS = NO;
				CLANG_ANALYZER_NONNULL = YES;
				CLANG_CXX_LANGUAGE_STANDARD = "gnu++0x";
				CLANG_CXX_LIBRARY = "libc++";
				CLANG_ENABLE_MODULES = YES;
				CLANG_ENABLE_OBJC_ARC = YES;
				CLANG_WARN_BOOL_CONVERSION = YES;
				CLANG_WARN_CONSTANT_CONVERSION = YES;
				CLANG_WARN_DIRECT_OBJC_ISA_USAGE = YES_ERROR;
				CLANG_WARN_DOCUMENTATION_COMMENTS = YES;
				CLANG_WARN_EMPTY_BODY = YES;
				CLANG_WARN_ENUM_CONVERSION = YES;
				CLANG_WARN_INFINITE_RECURSION = YES;
				CLANG_WARN_INT_CONVERSION = YES;
				CLANG_WARN_OBJC_ROOT_CLASS = YES_ERROR;
				CLANG_WARN_SUSPICIOUS_MOVE = YES;
				CLANG_WARN_SUSPICIOUS_MOVES = YES;
				CLANG_WARN_UNREACHABLE_CODE = YES;
				CLANG_WARN__DUPLICATE_METHOD_MATCH = YES;
				"CODE_SIGN_IDENTITY[sdk=iphoneos*]" = "iPhone Developer";
				COPY_PHASE_STRIP = NO;
				DEBUG_INFORMATION_FORMAT = dwarf;
				ENABLE_STRICT_OBJC_MSGSEND = YES;
				ENABLE_TESTABILITY = YES;
				GCC_C_LANGUAGE_STANDARD = gnu99;
				GCC_DYNAMIC_NO_PIC = NO;
				GCC_NO_COMMON_BLOCKS = YES;
				GCC_OPTIMIZATION_LEVEL = 0;
				GCC_PREPROCESSOR_DEFINITIONS = (
					"DEBUG=1",
					"$(inherited)",
				);
				GCC_WARN_64_TO_32_BIT_CONVERSION = YES;
				GCC_WARN_ABOUT_RETURN_TYPE = YES_ERROR;
				GCC_WARN_UNDECLARED_SELECTOR = YES;
				GCC_WARN_UNINITIALIZED_AUTOS = YES_AGGRESSIVE;
				GCC_WARN_UNUSED_FUNCTION = YES;
				GCC_WARN_UNUSED_VARIABLE = YES;
				IPHONEOS_DEPLOYMENT_TARGET = 10.1;
				MTL_ENABLE_DEBUG_INFO = YES;
				ONLY_ACTIVE_ARCH = YES;
				SDKROOT = iphoneos;
				SWIFT_ACTIVE_COMPILATION_CONDITIONS = DEBUG;
				SWIFT_OPTIMIZATION_LEVEL = "-Onone";
			};
			name = Debug;
		};
		52ECCA6B1DED4F580088F54D /* Release */ = {
			isa = XCBuildConfiguration;
			buildSettings = {
				ALWAYS_SEARCH_USER_PATHS = NO;
				CLANG_ANALYZER_NONNULL = YES;
				CLANG_CXX_LANGUAGE_STANDARD = "gnu++0x";
				CLANG_CXX_LIBRARY = "libc++";
				CLANG_ENABLE_MODULES = YES;
				CLANG_ENABLE_OBJC_ARC = YES;
				CLANG_WARN_BOOL_CONVERSION = YES;
				CLANG_WARN_CONSTANT_CONVERSION = YES;
				CLANG_WARN_DIRECT_OBJC_ISA_USAGE = YES_ERROR;
				CLANG_WARN_DOCUMENTATION_COMMENTS = YES;
				CLANG_WARN_EMPTY_BODY = YES;
				CLANG_WARN_ENUM_CONVERSION = YES;
				CLANG_WARN_INFINITE_RECURSION = YES;
				CLANG_WARN_INT_CONVERSION = YES;
				CLANG_WARN_OBJC_ROOT_CLASS = YES_ERROR;
				CLANG_WARN_SUSPICIOUS_MOVE = YES;
				CLANG_WARN_SUSPICIOUS_MOVES = YES;
				CLANG_WARN_UNREACHABLE_CODE = YES;
				CLANG_WARN__DUPLICATE_METHOD_MATCH = YES;
				"CODE_SIGN_IDENTITY[sdk=iphoneos*]" = "iPhone Developer";
				COPY_PHASE_STRIP = NO;
				DEBUG_INFORMATION_FORMAT = "dwarf-with-dsym";
				ENABLE_NS_ASSERTIONS = NO;
				ENABLE_STRICT_OBJC_MSGSEND = YES;
				GCC_C_LANGUAGE_STANDARD = gnu99;
				GCC_NO_COMMON_BLOCKS = YES;
				GCC_WARN_64_TO_32_BIT_CONVERSION = YES;
				GCC_WARN_ABOUT_RETURN_TYPE = YES_ERROR;
				GCC_WARN_UNDECLARED_SELECTOR = YES;
				GCC_WARN_UNINITIALIZED_AUTOS = YES_AGGRESSIVE;
				GCC_WARN_UNUSED_FUNCTION = YES;
				GCC_WARN_UNUSED_VARIABLE = YES;
				IPHONEOS_DEPLOYMENT_TARGET = 10.1;
				MTL_ENABLE_DEBUG_INFO = NO;
				SDKROOT = iphoneos;
				SWIFT_OPTIMIZATION_LEVEL = "-Owholemodule";
				VALIDATE_PRODUCT = YES;
			};
			name = Release;
		};
		52ECCA6D1DED4F580088F54D /* Debug */ = {
			isa = XCBuildConfiguration;
			baseConfigurationReference = 894678B7634078DF98C976E7 /* Pods-Congress.debug.xcconfig */;
			buildSettings = {
				ALWAYS_EMBED_SWIFT_STANDARD_LIBRARIES = YES;
				ASSETCATALOG_COMPILER_APPICON_NAME = AppIcon;
				DEVELOPMENT_TEAM = 4WJD8ZSSPB;
				INFOPLIST_FILE = Congress/Info.plist;
				LD_RUNPATH_SEARCH_PATHS = "$(inherited) @executable_path/Frameworks";
				PRODUCT_BUNDLE_IDENTIFIER = com.abdominalsnowmen.Congress;
				PRODUCT_NAME = "$(TARGET_NAME)";
				SWIFT_VERSION = 3.0;
			};
			name = Debug;
		};
		52ECCA6E1DED4F580088F54D /* Release */ = {
			isa = XCBuildConfiguration;
			baseConfigurationReference = D04E49A30AFBCE83BD42E3C6 /* Pods-Congress.release.xcconfig */;
			buildSettings = {
				ALWAYS_EMBED_SWIFT_STANDARD_LIBRARIES = YES;
				ASSETCATALOG_COMPILER_APPICON_NAME = AppIcon;
				DEVELOPMENT_TEAM = 4WJD8ZSSPB;
				INFOPLIST_FILE = Congress/Info.plist;
				LD_RUNPATH_SEARCH_PATHS = "$(inherited) @executable_path/Frameworks";
				PRODUCT_BUNDLE_IDENTIFIER = com.abdominalsnowmen.Congress;
				PRODUCT_NAME = "$(TARGET_NAME)";
				SWIFT_VERSION = 3.0;
			};
			name = Release;
		};
		52ECCA701DED4F580088F54D /* Debug */ = {
			isa = XCBuildConfiguration;
			baseConfigurationReference = 57E2C668BD9490A9799AC9D8 /* Pods-CongressTests.debug.xcconfig */;
			buildSettings = {
				ALWAYS_EMBED_SWIFT_STANDARD_LIBRARIES = YES;
				BUNDLE_LOADER = "$(TEST_HOST)";
				DEVELOPMENT_TEAM = 4WJD8ZSSPB;
				INFOPLIST_FILE = CongressTests/Info.plist;
				LD_RUNPATH_SEARCH_PATHS = "$(inherited) @executable_path/Frameworks @loader_path/Frameworks";
				PRODUCT_BUNDLE_IDENTIFIER = com.abdominalsnowmen.CongressTests;
				PRODUCT_NAME = "$(TARGET_NAME)";
				SWIFT_VERSION = 3.0;
				TEST_HOST = "$(BUILT_PRODUCTS_DIR)/Congress.app/Congress";
			};
			name = Debug;
		};
		52ECCA711DED4F580088F54D /* Release */ = {
			isa = XCBuildConfiguration;
			baseConfigurationReference = EA501997823E565F76B25645 /* Pods-CongressTests.release.xcconfig */;
			buildSettings = {
				ALWAYS_EMBED_SWIFT_STANDARD_LIBRARIES = YES;
				BUNDLE_LOADER = "$(TEST_HOST)";
				DEVELOPMENT_TEAM = 4WJD8ZSSPB;
				INFOPLIST_FILE = CongressTests/Info.plist;
				LD_RUNPATH_SEARCH_PATHS = "$(inherited) @executable_path/Frameworks @loader_path/Frameworks";
				PRODUCT_BUNDLE_IDENTIFIER = com.abdominalsnowmen.CongressTests;
				PRODUCT_NAME = "$(TARGET_NAME)";
				SWIFT_VERSION = 3.0;
				TEST_HOST = "$(BUILT_PRODUCTS_DIR)/Congress.app/Congress";
			};
			name = Release;
		};
/* End XCBuildConfiguration section */

/* Begin XCConfigurationList section */
		52ECCA481DED4F580088F54D /* Build configuration list for PBXProject "Congress" */ = {
			isa = XCConfigurationList;
			buildConfigurations = (
				52ECCA6A1DED4F580088F54D /* Debug */,
				52ECCA6B1DED4F580088F54D /* Release */,
			);
			defaultConfigurationIsVisible = 0;
			defaultConfigurationName = Release;
		};
		52ECCA6C1DED4F580088F54D /* Build configuration list for PBXNativeTarget "Congress" */ = {
			isa = XCConfigurationList;
			buildConfigurations = (
				52ECCA6D1DED4F580088F54D /* Debug */,
				52ECCA6E1DED4F580088F54D /* Release */,
			);
			defaultConfigurationIsVisible = 0;
			defaultConfigurationName = Release;
		};
		52ECCA6F1DED4F580088F54D /* Build configuration list for PBXNativeTarget "CongressTests" */ = {
			isa = XCConfigurationList;
			buildConfigurations = (
				52ECCA701DED4F580088F54D /* Debug */,
				52ECCA711DED4F580088F54D /* Release */,
			);
			defaultConfigurationIsVisible = 0;
			defaultConfigurationName = Release;
		};
/* End XCConfigurationList section */
	};
	rootObject = 52ECCA451DED4F580088F54D /* Project object */;
}
